
Microsoft Visual Studio Solution File, Format Version 12.00
# Visual Studio Version 17
VisualStudioVersion = 17.5.33627.172
MinimumVisualStudioVersion = 10.0.40219.1
Project("{2150E333-8FDC-42A3-9474-1A3956D46DE8}") = "Solution Items", "Solution Items", "{102BFCB8-C5E4-4BA5-88D6-A92AA412ED2B}"
EndProject
Project("{9A19103F-16F7-4668-BE54-9A1E7A4F7556}") = "Myna.Unity.Debug", "Myna.Unity.Debug.csproj", "{F6FE2A43-7AA8-4981-B0EA-E1C2E1BEFA44}"
EndProject
Global
	GlobalSection(SolutionConfigurationPlatforms) = preSolution
		Debug|Any CPU = Debug|Any CPU
		Release|Any CPU = Release|Any CPU
	EndGlobalSection
	GlobalSection(ProjectConfigurationPlatforms) = postSolution
		{F6FE2A43-7AA8-4981-B0EA-E1C2E1BEFA44}.Debug|Any CPU.ActiveCfg = Debug|Any CPU
		{F6FE2A43-7AA8-4981-B0EA-E1C2E1BEFA44}.Debug|Any CPU.Build.0 = Debug|Any CPU
		{F6FE2A43-7AA8-4981-B0EA-E1C2E1BEFA44}.Release|Any CPU.ActiveCfg = Release|Any CPU
		{F6FE2A43-7AA8-4981-B0EA-E1C2E1BEFA44}.Release|Any CPU.Build.0 = Release|Any CPU
	EndGlobalSection
	GlobalSection(SolutionProperties) = preSolution
		HideSolutionNode = FALSE
	EndGlobalSection
	GlobalSection(ExtensibilityGlobals) = postSolution
		SolutionGuid = {B4DE46CF-7163-406A-B285-7E2B94FEBB6C}
	EndGlobalSection
EndGlobal
